
Microsoft Visual Studio Solution File, Format Version 12.00
# Visual Studio 14
VisualStudioVersion = 14.0.25420.1
MinimumVisualStudioVersion = 10.0.40219.1
Project("{FAE04EC0-301F-11D3-BF4B-00C04F79EFBC}") = "TransportOverview", "TransportOverview\TransportOverview.csproj", "{1B961E99-DF01-4921-84AD-03C6F6AF9E83}"
EndProject
Project("{FAE04EC0-301F-11D3-BF4B-00C04F79EFBC}") = "TransportOverview.Test", "TransportOverview.Test\TransportOverview.Test.csproj", "{98E88448-EB39-4E54-953C-676CDCEC178D}"
	ProjectSection(ProjectDependencies) = postProject
		{1B961E99-DF01-4921-84AD-03C6F6AF9E83} = {1B961E99-DF01-4921-84AD-03C6F6AF9E83}
	EndProjectSection
EndProject
Global
	GlobalSection(SolutionConfigurationPlatforms) = preSolution
		Benchmark|Any CPU = Benchmark|Any CPU
		Debug|Any CPU = Debug|Any CPU
		Release|Any CPU = Release|Any CPU
	EndGlobalSection
	GlobalSection(ProjectConfigurationPlatforms) = postSolution
		{1B961E99-DF01-4921-84AD-03C6F6AF9E83}.Benchmark|Any CPU.ActiveCfg = Release|Any CPU
		{1B961E99-DF01-4921-84AD-03C6F6AF9E83}.Benchmark|Any CPU.Build.0 = Release|Any CPU
		{1B961E99-DF01-4921-84AD-03C6F6AF9E83}.Debug|Any CPU.ActiveCfg = Debug|Any CPU
		{1B961E99-DF01-4921-84AD-03C6F6AF9E83}.Debug|Any CPU.Build.0 = Debug|Any CPU
		{1B961E99-DF01-4921-84AD-03C6F6AF9E83}.Release|Any CPU.ActiveCfg = Release|Any CPU
		{1B961E99-DF01-4921-84AD-03C6F6AF9E83}.Release|Any CPU.Build.0 = Release|Any CPU
		{98E88448-EB39-4E54-953C-676CDCEC178D}.Benchmark|Any CPU.ActiveCfg = Release|Any CPU
		{98E88448-EB39-4E54-953C-676CDCEC178D}.Benchmark|Any CPU.Build.0 = Release|Any CPU
		{98E88448-EB39-4E54-953C-676CDCEC178D}.Debug|Any CPU.ActiveCfg = Debug|Any CPU
		{98E88448-EB39-4E54-953C-676CDCEC178D}.Debug|Any CPU.Build.0 = Debug|Any CPU
		{98E88448-EB39-4E54-953C-676CDCEC178D}.Release|Any CPU.ActiveCfg = Release|Any CPU
		{98E88448-EB39-4E54-953C-676CDCEC178D}.Release|Any CPU.Build.0 = Release|Any CPU
	EndGlobalSection
	GlobalSection(SolutionProperties) = preSolution
		HideSolutionNode = FALSE
	EndGlobalSection
EndGlobal
